// !$*UTF8*$!
{
	archiveVersion = 1;
	classes = {
	};
	objectVersion = 46;
	objects = {

/* Begin PBXBuildFile section */
		227809B91A4CA8130056C85B /* main.swift in Sources */ = {isa = PBXBuildFile; fileRef = 227809B81A4CA8130056C85B /* main.swift */; };
		227809CE1A4CAD7E0056C85B /* ORSSerialPort.m in Sources */ = {isa = PBXBuildFile; fileRef = 227809C91A4CAD7E0056C85B /* ORSSerialPort.m */; };
		227809CF1A4CAD7E0056C85B /* ORSSerialPortManager.m in Sources */ = {isa = PBXBuildFile; fileRef = 227809CB1A4CAD7E0056C85B /* ORSSerialPortManager.m */; };
		227809D01A4CAD7E0056C85B /* ORSSerialRequest.m in Sources */ = {isa = PBXBuildFile; fileRef = 227809CD1A4CAD7E0056C85B /* ORSSerialRequest.m */; };
		227809D21A4CAEBD0056C85B /* PortManager.swift in Sources */ = {isa = PBXBuildFile; fileRef = 227809D11A4CAEBD0056C85B /* PortManager.swift */; };
/* End PBXBuildFile section */

/* Begin PBXCopyFilesBuildPhase section */
		227809B31A4CA8130056C85B /* CopyFiles */ = {
			isa = PBXCopyFilesBuildPhase;
			buildActionMask = 2147483647;
			dstPath = /usr/share/man/man1/;
			dstSubfolderSpec = 0;
			files = (
			);
			runOnlyForDeploymentPostprocessing = 1;
		};
/* End PBXCopyFilesBuildPhase section */

/* Begin PBXFileReference section */
		227809B51A4CA8130056C85B /* ArduinoConnect */ = {isa = PBXFileReference; explicitFileType = "compiled.mach-o.executable"; includeInIndex = 0; path = ArduinoConnect; sourceTree = BUILT_PRODUCTS_DIR; };
		227809B81A4CA8130056C85B /* main.swift */ = {isa = PBXFileReference; lastKnownFileType = sourcecode.swift; path = main.swift; sourceTree = "<group>"; };
		227809C71A4CAC1A0056C85B /* ArduinoConnect-Bridging-Header.h */ = {isa = PBXFileReference; lastKnownFileType = sourcecode.c.h; path = "ArduinoConnect-Bridging-Header.h"; sourceTree = "<group>"; };
		227809C81A4CAD7E0056C85B /* ORSSerialPort.h */ = {isa = PBXFileReference; fileEncoding = 4; lastKnownFileType = sourcecode.c.h; name = ORSSerialPort.h; path = ../ORSSerialPort/Source/ORSSerialPort.h; sourceTree = "<group>"; };
		227809C91A4CAD7E0056C85B /* ORSSerialPort.m */ = {isa = PBXFileReference; fileEncoding = 4; lastKnownFileType = sourcecode.c.objc; name = ORSSerialPort.m; path = ../ORSSerialPort/Source/ORSSerialPort.m; sourceTree = "<group>"; };
		227809CA1A4CAD7E0056C85B /* ORSSerialPortManager.h */ = {isa = PBXFileReference; fileEncoding = 4; lastKnownFileType = sourcecode.c.h; name = ORSSerialPortManager.h; path = ../ORSSerialPort/Source/ORSSerialPortManager.h; sourceTree = "<group>"; };
		227809CB1A4CAD7E0056C85B /* ORSSerialPortManager.m */ = {isa = PBXFileReference; fileEncoding = 4; lastKnownFileType = sourcecode.c.objc; name = ORSSerialPortManager.m; path = ../ORSSerialPort/Source/ORSSerialPortManager.m; sourceTree = "<group>"; };
		227809CC1A4CAD7E0056C85B /* ORSSerialRequest.h */ = {isa = PBXFileReference; fileEncoding = 4; lastKnownFileType = sourcecode.c.h; name = ORSSerialRequest.h; path = ../ORSSerialPort/Source/ORSSerialRequest.h; sourceTree = "<group>"; };
		227809CD1A4CAD7E0056C85B /* ORSSerialRequest.m */ = {isa = PBXFileReference; fileEncoding = 4; lastKnownFileType = sourcecode.c.objc; name = ORSSerialRequest.m; path = ../ORSSerialPort/Source/ORSSerialRequest.m; sourceTree = "<group>"; };
		227809D11A4CAEBD0056C85B /* PortManager.swift */ = {isa = PBXFileReference; fileEncoding = 4; lastKnownFileType = sourcecode.swift; path = PortManager.swift; sourceTree = "<group>"; };
/* End PBXFileReference section */

/* Begin PBXFrameworksBuildPhase section */
		227809B21A4CA8130056C85B /* Frameworks */ = {
			isa = PBXFrameworksBuildPhase;
			buildActionMask = 2147483647;
			files = (
			);
			runOnlyForDeploymentPostprocessing = 0;
		};
/* End PBXFrameworksBuildPhase section */

/* Begin PBXGroup section */
		227809AC1A4CA8130056C85B = {
			isa = PBXGroup;
			children = (
				227809C71A4CAC1A0056C85B /* ArduinoConnect-Bridging-Header.h */,
				227809B71A4CA8130056C85B /* ArduinoConnect */,
				227809B61A4CA8130056C85B /* Products */,
			);
			sourceTree = "<group>";
		};
		227809B61A4CA8130056C85B /* Products */ = {
			isa = PBXGroup;
			children = (
				227809B51A4CA8130056C85B /* ArduinoConnect */,
			);
			name = Products;
			sourceTree = "<group>";
		};
		227809B71A4CA8130056C85B /* ArduinoConnect */ = {
			isa = PBXGroup;
			children = (
				227809C81A4CAD7E0056C85B /* ORSSerialPort.h */,
				227809C91A4CAD7E0056C85B /* ORSSerialPort.m */,
				227809CA1A4CAD7E0056C85B /* ORSSerialPortManager.h */,
				227809CB1A4CAD7E0056C85B /* ORSSerialPortManager.m */,
				227809CC1A4CAD7E0056C85B /* ORSSerialRequest.h */,
				227809CD1A4CAD7E0056C85B /* ORSSerialRequest.m */,
				227809B81A4CA8130056C85B /* main.swift */,
				227809D11A4CAEBD0056C85B /* PortManager.swift */,
			);
			path = ArduinoConnect;
			sourceTree = "<group>";
		};
/* End PBXGroup section */

/* Begin PBXNativeTarget section */
		227809B41A4CA8130056C85B /* ArduinoConnect */ = {
			isa = PBXNativeTarget;
			buildConfigurationList = 227809BC1A4CA8130056C85B /* Build configuration list for PBXNativeTarget "ArduinoConnect" */;
			buildPhases = (
				227809B11A4CA8130056C85B /* Sources */,
				227809B21A4CA8130056C85B /* Frameworks */,
				227809B31A4CA8130056C85B /* CopyFiles */,
			);
			buildRules = (
			);
			dependencies = (
			);
			name = ArduinoConnect;
			productName = ArduinoConnect;
			productReference = 227809B51A4CA8130056C85B /* ArduinoConnect */;
			productType = "com.apple.product-type.tool";
		};
/* End PBXNativeTarget section */

/* Begin PBXProject section */
		227809AD1A4CA8130056C85B /* Project object */ = {
			isa = PBXProject;
			attributes = {
				LastUpgradeCheck = 0610;
				ORGANIZATIONNAME = Tilman;
				TargetAttributes = {
					227809B41A4CA8130056C85B = {
						CreatedOnToolsVersion = 6.1.1;
					};
				};
			};
			buildConfigurationList = 227809B01A4CA8130056C85B /* Build configuration list for PBXProject "ArduinoConnect" */;
			compatibilityVersion = "Xcode 3.2";
			developmentRegion = English;
			hasScannedForEncodings = 0;
			knownRegions = (
				en,
			);
			mainGroup = 227809AC1A4CA8130056C85B;
			productRefGroup = 227809B61A4CA8130056C85B /* Products */;
			projectDirPath = "";
			projectRoot = "";
			targets = (
				227809B41A4CA8130056C85B /* ArduinoConnect */,
			);
		};
/* End PBXProject section */

/* Begin PBXSourcesBuildPhase section */
		227809B11A4CA8130056C85B /* Sources */ = {
			isa = PBXSourcesBuildPhase;
			buildActionMask = 2147483647;
			files = (
				227809CF1A4CAD7E0056C85B /* ORSSerialPortManager.m in Sources */,
				227809B91A4CA8130056C85B /* main.swift in Sources */,
				227809D01A4CAD7E0056C85B /* ORSSerialRequest.m in Sources */,
				227809CE1A4CAD7E0056C85B /* ORSSerialPort.m in Sources */,
				227809D21A4CAEBD0056C85B /* PortManager.swift in Sources */,
			);
			runOnlyForDeploymentPostprocessing = 0;
		};
/* End PBXSourcesBuildPhase section */

/* Begin XCBuildConfiguration section */
		227809BA1A4CA8130056C85B /* Debug */ = {
			isa = XCBuildConfiguration;
			buildSettings = {
				ALWAYS_SEARCH_USER_PATHS = NO;
				CLANG_CXX_LANGUAGE_STANDARD = "gnu++0x";
				CLANG_CXX_LIBRARY = "libc++";
				CLANG_ENABLE_MODULES = YES;
				CLANG_ENABLE_OBJC_ARC = YES;
				CLANG_WARN_BOOL_CONVERSION = YES;
				CLANG_WARN_CONSTANT_CONVERSION = YES;
				CLANG_WARN_DIRECT_OBJC_ISA_USAGE = YES_ERROR;
				CLANG_WARN_EMPTY_BODY = YES;
				CLANG_WARN_ENUM_CONVERSION = YES;
				CLANG_WARN_INT_CONVERSION = YES;
				CLANG_WARN_OBJC_ROOT_CLASS = YES_ERROR;
				CLANG_WARN_UNREACHABLE_CODE = YES;
				CLANG_WARN__DUPLICATE_METHOD_MATCH = YES;
				COPY_PHASE_STRIP = NO;
				ENABLE_STRICT_OBJC_MSGSEND = YES;
				GCC_C_LANGUAGE_STANDARD = gnu99;
				GCC_DYNAMIC_NO_PIC = NO;
				GCC_OPTIMIZATION_LEVEL = 0;
				GCC_PREPROCESSOR_DEFINITIONS = (
					"DEBUG=1",
					"$(inherited)",
				);
				GCC_SYMBOLS_PRIVATE_EXTERN = NO;
				GCC_WARN_64_TO_32_BIT_CONVERSION = YES;
				GCC_WARN_ABOUT_RETURN_TYPE = YES_ERROR;
				GCC_WARN_UNDECLARED_SELECTOR = YES;
				GCC_WARN_UNINITIALIZED_AUTOS = YES_AGGRESSIVE;
				GCC_WARN_UNUSED_FUNCTION = YES;
				GCC_WARN_UNUSED_VARIABLE = YES;
				MACOSX_DEPLOYMENT_TARGET = 10.10;
				MTL_ENABLE_DEBUG_INFO = YES;
				ONLY_ACTIVE_ARCH = YES;
				SDKROOT = macosx;
				SWIFT_OBJC_BRIDGING_HEADER = "ArduinoConnect-Bridging-Header.h";
				SWIFT_OPTIMIZATION_LEVEL = "-Onone";
			};
			name = Debug;
		};
		227809BB1A4CA8130056C85B /* Release */ = {
			isa = XCBuildConfiguration;
			buildSettings = {
				ALWAYS_SEARCH_USER_PATHS = NO;
				CLANG_CXX_LANGUAGE_STANDARD = "gnu++0x";
				CLANG_CXX_LIBRARY = "libc++";
				CLANG_ENABLE_MODULES = YES;
				CLANG_ENABLE_OBJC_ARC = YES;
				CLANG_WARN_BOOL_CONVERSION = YES;
				CLANG_WARN_CONSTANT_CONVERSION = YES;
				CLANG_WARN_DIRECT_OBJC_ISA_USAGE = YES_ERROR;
				CLANG_WARN_EMPTY_BODY = YES;
				CLANG_WARN_ENUM_CONVERSION = YES;
				CLANG_WARN_INT_CONVERSION = YES;
				CLANG_WARN_OBJC_ROOT_CLASS = YES_ERROR;
				CLANG_WARN_UNREACHABLE_CODE = YES;
				CLANG_WARN__DUPLICATE_METHOD_MATCH = YES;
				COPY_PHASE_STRIP = YES;
				DEBUG_INFORMATION_FORMAT = "dwarf-with-dsym";
				ENABLE_NS_ASSERTIONS = NO;
				ENABLE_STRICT_OBJC_MSGSEND = YES;
				GCC_C_LANGUAGE_STANDARD = gnu99;
				GCC_WARN_64_TO_32_BIT_CONVERSION = YES;
				GCC_WARN_ABOUT_RETURN_TYPE = YES_ERROR;
				GCC_WARN_UNDECLARED_SELECTOR = YES;
				GCC_WARN_UNINITIALIZED_AUTOS = YES_AGGRESSIVE;
				GCC_WARN_UNUSED_FUNCTION = YES;
				GCC_WARN_UNUSED_VARIABLE = YES;
				MACOSX_DEPLOYMENT_TARGET = 10.10;
				MTL_ENABLE_DEBUG_INFO = NO;
				SDKROOT = macosx;
				SWIFT_OBJC_BRIDGING_HEADER = "ArduinoConnect-Bridging-Header.h";
			};
			name = Release;
		};
		227809BD1A4CA8130056C85B /* Debug */ = {
			isa = XCBuildConfiguration;
			buildSettings = {
				PRODUCT_NAME = "$(TARGET_NAME)";
			};
			name = Debug;
		};
		227809BE1A4CA8130056C85B /* Release */ = {
			isa = XCBuildConfiguration;
			buildSettings = {
				PRODUCT_NAME = "$(TARGET_NAME)";
			};
			name = Release;
		};
/* End XCBuildConfiguration section */

/* Begin XCConfigurationList section */
		227809B01A4CA8130056C85B /* Build configuration list for PBXProject "ArduinoConnect" */ = {
			isa = XCConfigurationList;
			buildConfigurations = (
				227809BA1A4CA8130056C85B /* Debug */,
				227809BB1A4CA8130056C85B /* Release */,
			);
			defaultConfigurationIsVisible = 0;
			defaultConfigurationName = Release;
		};
		227809BC1A4CA8130056C85B /* Build configuration list for PBXNativeTarget "ArduinoConnect" */ = {
			isa = XCConfigurationList;
			buildConfigurations = (
				227809BD1A4CA8130056C85B /* Debug */,
				227809BE1A4CA8130056C85B /* Release */,
			);
			defaultConfigurationIsVisible = 0;
			defaultConfigurationName = Release;
		};
/* End XCConfigurationList section */
	};
	rootObject = 227809AD1A4CA8130056C85B /* Project object */;
}
